// !$*UTF8*$!
{
	archiveVersion = 1;
	classes = {
	};
	objectVersion = 46;
	objects = {

/* Begin PBXBuildFile section */
		5FE7C84799F0F84409215B43 /* Pods_ExtractHealthKit.framework in Frameworks */ = {isa = PBXBuildFile; fileRef = 99930EAF950F46E179B15BE0 /* Pods_ExtractHealthKit.framework */; settings = {ATTRIBUTES = (Weak, ); }; };
		7F1209841B090A7A0002BE42 /* AppDelegate.swift in Sources */ = {isa = PBXBuildFile; fileRef = 7F1209831B090A7A0002BE42 /* AppDelegate.swift */; };
		7F1209861B090A7A0002BE42 /* ViewController.swift in Sources */ = {isa = PBXBuildFile; fileRef = 7F1209851B090A7A0002BE42 /* ViewController.swift */; };
		7F1209891B090A7A0002BE42 /* Main.storyboard in Resources */ = {isa = PBXBuildFile; fileRef = 7F1209871B090A7A0002BE42 /* Main.storyboard */; };
		7F12098B1B090A7A0002BE42 /* Images.xcassets in Resources */ = {isa = PBXBuildFile; fileRef = 7F12098A1B090A7A0002BE42 /* Images.xcassets */; };
		7F12098E1B090A7A0002BE42 /* LaunchScreen.xib in Resources */ = {isa = PBXBuildFile; fileRef = 7F12098C1B090A7A0002BE42 /* LaunchScreen.xib */; };
		7F12099A1B090A7A0002BE42 /* ExtractHealthKitTests.swift in Sources */ = {isa = PBXBuildFile; fileRef = 7F1209991B090A7A0002BE42 /* ExtractHealthKitTests.swift */; };
		7F1209A51B090AD10002BE42 /* HealthKit.framework in Frameworks */ = {isa = PBXBuildFile; fileRef = 7F1209A41B090AD10002BE42 /* HealthKit.framework */; };
		7FFBDB071B0941AA00EC0873 /* BasicCell.xib in Resources */ = {isa = PBXBuildFile; fileRef = 7FFBDB061B0941AA00EC0873 /* BasicCell.xib */; };
		7FFBDB091B09425100EC0873 /* BasicCell.swift in Sources */ = {isa = PBXBuildFile; fileRef = 7FFBDB081B09425100EC0873 /* BasicCell.swift */; };
		7FFBDB0B1B09592000EC0873 /* Steps.swift in Sources */ = {isa = PBXBuildFile; fileRef = 7FFBDB0A1B09592000EC0873 /* Steps.swift */; };
		7FFBDB0E1B09662900EC0873 /* Hex.swift in Sources */ = {isa = PBXBuildFile; fileRef = 7FFBDB0D1B09662900EC0873 /* Hex.swift */; };
		7FFBDB1B1B09709500EC0873 /* API.swift in Sources */ = {isa = PBXBuildFile; fileRef = 7FFBDB1A1B09709500EC0873 /* API.swift */; };
		7FFBDB281B0971AF00EC0873 /* Alamofire.framework in Frameworks */ = {isa = PBXBuildFile; fileRef = 7FFBDB271B0971AF00EC0873 /* Alamofire.framework */; };
		7FFBDB2A1B0971B500EC0873 /* SwiftyJSON.framework in Frameworks */ = {isa = PBXBuildFile; fileRef = 7FFBDB291B0971B500EC0873 /* SwiftyJSON.framework */; };
		CEAE577E54855187289FF976 /* Pods_ExtractHealthKitTests.framework in Frameworks */ = {isa = PBXBuildFile; fileRef = 8E206F5F2583A0FA42781143 /* Pods_ExtractHealthKitTests.framework */; settings = {ATTRIBUTES = (Weak, ); }; };
/* End PBXBuildFile section */

/* Begin PBXContainerItemProxy section */
		7F1209941B090A7A0002BE42 /* PBXContainerItemProxy */ = {
			isa = PBXContainerItemProxy;
			containerPortal = 7F1209761B090A7A0002BE42 /* Project object */;
			proxyType = 1;
			remoteGlobalIDString = 7F12097D1B090A7A0002BE42;
			remoteInfo = ExtractHealthKit;
		};
/* End PBXContainerItemProxy section */

/* Begin PBXFileReference section */
		4CBB2501F1B44D8F3AA8D918 /* Pods-ExtractHealthKit.release.xcconfig */ = {isa = PBXFileReference; includeInIndex = 1; lastKnownFileType = text.xcconfig; name = "Pods-ExtractHealthKit.release.xcconfig"; path = "Pods/Target Support Files/Pods-ExtractHealthKit/Pods-ExtractHealthKit.release.xcconfig"; sourceTree = "<group>"; };
		6EA13E6F53ED6FA6DE2BBB4F /* Pods-ExtractHealthKitTests.release.xcconfig */ = {isa = PBXFileReference; includeInIndex = 1; lastKnownFileType = text.xcconfig; name = "Pods-ExtractHealthKitTests.release.xcconfig"; path = "Pods/Target Support Files/Pods-ExtractHealthKitTests/Pods-ExtractHealthKitTests.release.xcconfig"; sourceTree = "<group>"; };
		7F12097E1B090A7A0002BE42 /* ExtractHealthKit.app */ = {isa = PBXFileReference; explicitFileType = wrapper.application; includeInIndex = 0; path = ExtractHealthKit.app; sourceTree = BUILT_PRODUCTS_DIR; };
		7F1209821B090A7A0002BE42 /* Info.plist */ = {isa = PBXFileReference; lastKnownFileType = text.plist.xml; path = Info.plist; sourceTree = "<group>"; };
		7F1209831B090A7A0002BE42 /* AppDelegate.swift */ = {isa = PBXFileReference; lastKnownFileType = sourcecode.swift; path = AppDelegate.swift; sourceTree = "<group>"; };
		7F1209851B090A7A0002BE42 /* ViewController.swift */ = {isa = PBXFileReference; lastKnownFileType = sourcecode.swift; path = ViewController.swift; sourceTree = "<group>"; };
		7F1209881B090A7A0002BE42 /* Base */ = {isa = PBXFileReference; lastKnownFileType = file.storyboard; name = Base; path = Base.lproj/Main.storyboard; sourceTree = "<group>"; };
		7F12098A1B090A7A0002BE42 /* Images.xcassets */ = {isa = PBXFileReference; lastKnownFileType = folder.assetcatalog; path = Images.xcassets; sourceTree = "<group>"; };
		7F12098D1B090A7A0002BE42 /* Base */ = {isa = PBXFileReference; lastKnownFileType = file.xib; name = Base; path = Base.lproj/LaunchScreen.xib; sourceTree = "<group>"; };
		7F1209931B090A7A0002BE42 /* ExtractHealthKitTests.xctest */ = {isa = PBXFileReference; explicitFileType = wrapper.cfbundle; includeInIndex = 0; path = ExtractHealthKitTests.xctest; sourceTree = BUILT_PRODUCTS_DIR; };
		7F1209981B090A7A0002BE42 /* Info.plist */ = {isa = PBXFileReference; lastKnownFileType = text.plist.xml; path = Info.plist; sourceTree = "<group>"; };
		7F1209991B090A7A0002BE42 /* ExtractHealthKitTests.swift */ = {isa = PBXFileReference; lastKnownFileType = sourcecode.swift; path = ExtractHealthKitTests.swift; sourceTree = "<group>"; };
		7F1209A31B090AD00002BE42 /* ExtractHealthKit.entitlements */ = {isa = PBXFileReference; lastKnownFileType = text.xml; path = ExtractHealthKit.entitlements; sourceTree = "<group>"; };
		7F1209A41B090AD10002BE42 /* HealthKit.framework */ = {isa = PBXFileReference; lastKnownFileType = wrapper.framework; name = HealthKit.framework; path = System/Library/Frameworks/HealthKit.framework; sourceTree = SDKROOT; };
		7FFBDB061B0941AA00EC0873 /* BasicCell.xib */ = {isa = PBXFileReference; fileEncoding = 4; lastKnownFileType = file.xib; path = BasicCell.xib; sourceTree = "<group>"; };
		7FFBDB081B09425100EC0873 /* BasicCell.swift */ = {isa = PBXFileReference; fileEncoding = 4; lastKnownFileType = sourcecode.swift; path = BasicCell.swift; sourceTree = "<group>"; };
		7FFBDB0A1B09592000EC0873 /* Steps.swift */ = {isa = PBXFileReference; fileEncoding = 4; lastKnownFileType = sourcecode.swift; path = Steps.swift; sourceTree = "<group>"; };
		7FFBDB0D1B09662900EC0873 /* Hex.swift */ = {isa = PBXFileReference; fileEncoding = 4; lastKnownFileType = sourcecode.swift; path = Hex.swift; sourceTree = "<group>"; };
		7FFBDB1A1B09709500EC0873 /* API.swift */ = {isa = PBXFileReference; fileEncoding = 4; lastKnownFileType = sourcecode.swift; path = API.swift; sourceTree = "<group>"; };
		7FFBDB1C1B0970E400EC0873 /* Alamofire.framework */ = {isa = PBXFileReference; lastKnownFileType = wrapper.framework; name = Alamofire.framework; path = "Pods/../build/Debug-iphoneos/Pods-ExtractHealthKit/Alamofire.framework"; sourceTree = "<group>"; };
		7FFBDB1E1B0970FD00EC0873 /* Alamofire.framework */ = {isa = PBXFileReference; lastKnownFileType = wrapper.framework; name = Alamofire.framework; path = "Pods/../build/Debug-iphoneos/Pods-ExtractHealthKit/Alamofire.framework"; sourceTree = "<group>"; };
		7FFBDB201B09710300EC0873 /* SwiftyJSON.framework */ = {isa = PBXFileReference; lastKnownFileType = wrapper.framework; name = SwiftyJSON.framework; path = "Pods/../build/Debug-iphoneos/Pods-ExtractHealthKit/SwiftyJSON.framework"; sourceTree = "<group>"; };
		7FFBDB271B0971AF00EC0873 /* Alamofire.framework */ = {isa = PBXFileReference; lastKnownFileType = wrapper.framework; name = Alamofire.framework; path = "Pods/../build/Debug-iphoneos/Pods-ExtractHealthKit/Alamofire.framework"; sourceTree = "<group>"; };
		7FFBDB291B0971B500EC0873 /* SwiftyJSON.framework */ = {isa = PBXFileReference; lastKnownFileType = wrapper.framework; name = SwiftyJSON.framework; path = "Pods/../build/Debug-iphoneos/Pods-ExtractHealthKit/SwiftyJSON.framework"; sourceTree = "<group>"; };
		8E206F5F2583A0FA42781143 /* Pods_ExtractHealthKitTests.framework */ = {isa = PBXFileReference; explicitFileType = wrapper.framework; includeInIndex = 0; path = Pods_ExtractHealthKitTests.framework; sourceTree = BUILT_PRODUCTS_DIR; };
		99930EAF950F46E179B15BE0 /* Pods_ExtractHealthKit.framework */ = {isa = PBXFileReference; explicitFileType = wrapper.framework; includeInIndex = 0; path = Pods_ExtractHealthKit.framework; sourceTree = BUILT_PRODUCTS_DIR; };
		BD37C61F67CC0FC027F2F591 /* Pods-ExtractHealthKitTests.debug.xcconfig */ = {isa = PBXFileReference; includeInIndex = 1; lastKnownFileType = text.xcconfig; name = "Pods-ExtractHealthKitTests.debug.xcconfig"; path = "Pods/Target Support Files/Pods-ExtractHealthKitTests/Pods-ExtractHealthKitTests.debug.xcconfig"; sourceTree = "<group>"; };
		CC94C9D53B1ABF47E16EF7EE /* Pods-ExtractHealthKit.debug.xcconfig */ = {isa = PBXFileReference; includeInIndex = 1; lastKnownFileType = text.xcconfig; name = "Pods-ExtractHealthKit.debug.xcconfig"; path = "Pods/Target Support Files/Pods-ExtractHealthKit/Pods-ExtractHealthKit.debug.xcconfig"; sourceTree = "<group>"; };
/* End PBXFileReference section */

/* Begin PBXFrameworksBuildPhase section */
		7F12097B1B090A7A0002BE42 /* Frameworks */ = {
			isa = PBXFrameworksBuildPhase;
			buildActionMask = 2147483647;
			files = (
				7FFBDB2A1B0971B500EC0873 /* SwiftyJSON.framework in Frameworks */,
				7FFBDB281B0971AF00EC0873 /* Alamofire.framework in Frameworks */,
				7F1209A51B090AD10002BE42 /* HealthKit.framework in Frameworks */,
				5FE7C84799F0F84409215B43 /* Pods_ExtractHealthKit.framework in Frameworks */,
			);
			runOnlyForDeploymentPostprocessing = 0;
		};
		7F1209901B090A7A0002BE42 /* Frameworks */ = {
			isa = PBXFrameworksBuildPhase;
			buildActionMask = 2147483647;
			files = (
				CEAE577E54855187289FF976 /* Pods_ExtractHealthKitTests.framework in Frameworks */,
			);
			runOnlyForDeploymentPostprocessing = 0;
		};
/* End PBXFrameworksBuildPhase section */

/* Begin PBXGroup section */
		63EC498C9E614784F5924551 /* Pods */ = {
			isa = PBXGroup;
			children = (
				CC94C9D53B1ABF47E16EF7EE /* Pods-ExtractHealthKit.debug.xcconfig */,
				4CBB2501F1B44D8F3AA8D918 /* Pods-ExtractHealthKit.release.xcconfig */,
				BD37C61F67CC0FC027F2F591 /* Pods-ExtractHealthKitTests.debug.xcconfig */,
				6EA13E6F53ED6FA6DE2BBB4F /* Pods-ExtractHealthKitTests.release.xcconfig */,
			);
			name = Pods;
			sourceTree = "<group>";
		};
		7F1209751B090A7A0002BE42 = {
			isa = PBXGroup;
			children = (
				7F1209A41B090AD10002BE42 /* HealthKit.framework */,
				7F1209801B090A7A0002BE42 /* ExtractHealthKit */,
				7F1209961B090A7A0002BE42 /* ExtractHealthKitTests */,
				7F12097F1B090A7A0002BE42 /* Products */,
				63EC498C9E614784F5924551 /* Pods */,
				ADC8F91BEC273D1870B6F4E0 /* Frameworks */,
			);
			sourceTree = "<group>";
		};
		7F12097F1B090A7A0002BE42 /* Products */ = {
			isa = PBXGroup;
			children = (
				7F12097E1B090A7A0002BE42 /* ExtractHealthKit.app */,
				7F1209931B090A7A0002BE42 /* ExtractHealthKitTests.xctest */,
			);
			name = Products;
			sourceTree = "<group>";
		};
		7F1209801B090A7A0002BE42 /* ExtractHealthKit */ = {
			isa = PBXGroup;
			children = (
				7F1209A31B090AD00002BE42 /* ExtractHealthKit.entitlements */,
				7F1209831B090A7A0002BE42 /* AppDelegate.swift */,
				7FFBDB101B09663700EC0873 /* Controllers */,
				7FFBDB0F1B09663100EC0873 /* Models */,
				7FFBDB0C1B09661D00EC0873 /* Functions */,
				7FFBDB111B09664900EC0873 /* Views */,
				7F1209871B090A7A0002BE42 /* Main.storyboard */,
				7F12098A1B090A7A0002BE42 /* Images.xcassets */,
				7F12098C1B090A7A0002BE42 /* LaunchScreen.xib */,
				7F1209811B090A7A0002BE42 /* Supporting Files */,
			);
			path = ExtractHealthKit;
			sourceTree = "<group>";
		};
		7F1209811B090A7A0002BE42 /* Supporting Files */ = {
			isa = PBXGroup;
			children = (
				7F1209821B090A7A0002BE42 /* Info.plist */,
			);
			name = "Supporting Files";
			sourceTree = "<group>";
		};
		7F1209961B090A7A0002BE42 /* ExtractHealthKitTests */ = {
			isa = PBXGroup;
			children = (
				7F1209991B090A7A0002BE42 /* ExtractHealthKitTests.swift */,
				7F1209971B090A7A0002BE42 /* Supporting Files */,
			);
			path = ExtractHealthKitTests;
			sourceTree = "<group>";
		};
		7F1209971B090A7A0002BE42 /* Supporting Files */ = {
			isa = PBXGroup;
			children = (
				7F1209981B090A7A0002BE42 /* Info.plist */,
			);
			name = "Supporting Files";
			sourceTree = "<group>";
		};
		7FFBDB0C1B09661D00EC0873 /* Functions */ = {
			isa = PBXGroup;
			children = (
				7FFBDB0D1B09662900EC0873 /* Hex.swift */,
				7FFBDB1A1B09709500EC0873 /* API.swift */,
			);
			name = Functions;
			sourceTree = "<group>";
		};
		7FFBDB0F1B09663100EC0873 /* Models */ = {
			isa = PBXGroup;
			children = (
				7FFBDB0A1B09592000EC0873 /* Steps.swift */,
			);
			name = Models;
			sourceTree = "<group>";
		};
		7FFBDB101B09663700EC0873 /* Controllers */ = {
			isa = PBXGroup;
			children = (
				7F1209851B090A7A0002BE42 /* ViewController.swift */,
			);
			name = Controllers;
			sourceTree = "<group>";
		};
		7FFBDB111B09664900EC0873 /* Views */ = {
			isa = PBXGroup;
			children = (
				7FFBDB061B0941AA00EC0873 /* BasicCell.xib */,
				7FFBDB081B09425100EC0873 /* BasicCell.swift */,
			);
			name = Views;
			sourceTree = "<group>";
		};
		ADC8F91BEC273D1870B6F4E0 /* Frameworks */ = {
			isa = PBXGroup;
			children = (
				7FFBDB291B0971B500EC0873 /* SwiftyJSON.framework */,
				7FFBDB271B0971AF00EC0873 /* Alamofire.framework */,
				7FFBDB201B09710300EC0873 /* SwiftyJSON.framework */,
				7FFBDB1E1B0970FD00EC0873 /* Alamofire.framework */,
				7FFBDB1C1B0970E400EC0873 /* Alamofire.framework */,
				99930EAF950F46E179B15BE0 /* Pods_ExtractHealthKit.framework */,
				8E206F5F2583A0FA42781143 /* Pods_ExtractHealthKitTests.framework */,
			);
			name = Frameworks;
			sourceTree = "<group>";
		};
/* End PBXGroup section */

/* Begin PBXNativeTarget section */
		7F12097D1B090A7A0002BE42 /* ExtractHealthKit */ = {
			isa = PBXNativeTarget;
			buildConfigurationList = 7F12099D1B090A7A0002BE42 /* Build configuration list for PBXNativeTarget "ExtractHealthKit" */;
			buildPhases = (
				E06F61B11383277E2CAE269E /* Check Pods Manifest.lock */,
				7F12097A1B090A7A0002BE42 /* Sources */,
				7F12097B1B090A7A0002BE42 /* Frameworks */,
				7F12097C1B090A7A0002BE42 /* Resources */,
				8A2A6514E5A2A124D907F7F9 /* Embed Pods Frameworks */,
				0B5D8317225CE52C42B8679B /* Copy Pods Resources */,
			);
			buildRules = (
			);
			dependencies = (
			);
			name = ExtractHealthKit;
			productName = ExtractHealthKit;
			productReference = 7F12097E1B090A7A0002BE42 /* ExtractHealthKit.app */;
			productType = "com.apple.product-type.application";
		};
		7F1209921B090A7A0002BE42 /* ExtractHealthKitTests */ = {
			isa = PBXNativeTarget;
			buildConfigurationList = 7F1209A01B090A7A0002BE42 /* Build configuration list for PBXNativeTarget "ExtractHealthKitTests" */;
			buildPhases = (
				9B283E74264727D28B832EB9 /* Check Pods Manifest.lock */,
				7F12098F1B090A7A0002BE42 /* Sources */,
				7F1209901B090A7A0002BE42 /* Frameworks */,
				7F1209911B090A7A0002BE42 /* Resources */,
				CB764AA391E50EDA770E4960 /* Embed Pods Frameworks */,
				4986872287F5B69BF21DD999 /* Copy Pods Resources */,
			);
			buildRules = (
			);
			dependencies = (
				7F1209951B090A7A0002BE42 /* PBXTargetDependency */,
			);
			name = ExtractHealthKitTests;
			productName = ExtractHealthKitTests;
			productReference = 7F1209931B090A7A0002BE42 /* ExtractHealthKitTests.xctest */;
			productType = "com.apple.product-type.bundle.unit-test";
		};
/* End PBXNativeTarget section */

/* Begin PBXProject section */
		7F1209761B090A7A0002BE42 /* Project object */ = {
			isa = PBXProject;
			attributes = {
				LastUpgradeCheck = 0630;
				ORGANIZATIONNAME = GarethPaul;
				TargetAttributes = {
					7F12097D1B090A7A0002BE42 = {
						CreatedOnToolsVersion = 6.3;
						DevelopmentTeam = 53AF9EMAN4;
						SystemCapabilities = {
							com.apple.HealthKit = {
								enabled = 1;
							};
						};
					};
					7F1209921B090A7A0002BE42 = {
						CreatedOnToolsVersion = 6.3;
						TestTargetID = 7F12097D1B090A7A0002BE42;
					};
				};
			};
			buildConfigurationList = 7F1209791B090A7A0002BE42 /* Build configuration list for PBXProject "ExtractHealthKit" */;
			compatibilityVersion = "Xcode 3.2";
			developmentRegion = English;
			hasScannedForEncodings = 0;
			knownRegions = (
				en,
				Base,
			);
			mainGroup = 7F1209751B090A7A0002BE42;
			productRefGroup = 7F12097F1B090A7A0002BE42 /* Products */;
			projectDirPath = "";
			projectRoot = "";
			targets = (
				7F12097D1B090A7A0002BE42 /* ExtractHealthKit */,
				7F1209921B090A7A0002BE42 /* ExtractHealthKitTests */,
			);
		};
/* End PBXProject section */

/* Begin PBXResourcesBuildPhase section */
		7F12097C1B090A7A0002BE42 /* Resources */ = {
			isa = PBXResourcesBuildPhase;
			buildActionMask = 2147483647;
			files = (
				7FFBDB071B0941AA00EC0873 /* BasicCell.xib in Resources */,
				7F1209891B090A7A0002BE42 /* Main.storyboard in Resources */,
				7F12098E1B090A7A0002BE42 /* LaunchScreen.xib in Resources */,
				7F12098B1B090A7A0002BE42 /* Images.xcassets in Resources */,
			);
			runOnlyForDeploymentPostprocessing = 0;
		};
		7F1209911B090A7A0002BE42 /* Resources */ = {
			isa = PBXResourcesBuildPhase;
			buildActionMask = 2147483647;
			files = (
			);
			runOnlyForDeploymentPostprocessing = 0;
		};
/* End PBXResourcesBuildPhase section */

/* Begin PBXShellScriptBuildPhase section */
		0B5D8317225CE52C42B8679B /* Copy Pods Resources */ = {
			isa = PBXShellScriptBuildPhase;
			buildActionMask = 2147483647;
			files = (
			);
			inputPaths = (
			);
			name = "Copy Pods Resources";
			outputPaths = (
			);
			runOnlyForDeploymentPostprocessing = 0;
			shellPath = /bin/sh;
			shellScript = "\"${SRCROOT}/Pods/Target Support Files/Pods-ExtractHealthKit/Pods-ExtractHealthKit-resources.sh\"\n";
			showEnvVarsInLog = 0;
		};
		4986872287F5B69BF21DD999 /* Copy Pods Resources */ = {
			isa = PBXShellScriptBuildPhase;
			buildActionMask = 2147483647;
			files = (
			);
			inputPaths = (
			);
			name = "Copy Pods Resources";
			outputPaths = (
			);
			runOnlyForDeploymentPostprocessing = 0;
			shellPath = /bin/sh;
			shellScript = "\"${SRCROOT}/Pods/Target Support Files/Pods-ExtractHealthKitTests/Pods-ExtractHealthKitTests-resources.sh\"\n";
			showEnvVarsInLog = 0;
		};
		8A2A6514E5A2A124D907F7F9 /* Embed Pods Frameworks */ = {
			isa = PBXShellScriptBuildPhase;
			buildActionMask = 2147483647;
			files = (
			);
			inputPaths = (
			);
			name = "Embed Pods Frameworks";
			outputPaths = (
			);
			runOnlyForDeploymentPostprocessing = 0;
			shellPath = /bin/sh;
			shellScript = "\"${SRCROOT}/Pods/Target Support Files/Pods-ExtractHealthKit/Pods-ExtractHealthKit-frameworks.sh\"\n";
			showEnvVarsInLog = 0;
		};
		9B283E74264727D28B832EB9 /* Check Pods Manifest.lock */ = {
			isa = PBXShellScriptBuildPhase;
			buildActionMask = 2147483647;
			files = (
			);
			inputPaths = (
			);
			name = "Check Pods Manifest.lock";
			outputPaths = (
			);
			runOnlyForDeploymentPostprocessing = 0;
			shellPath = /bin/sh;
			shellScript = "diff \"${PODS_ROOT}/../Podfile.lock\" \"${PODS_ROOT}/Manifest.lock\" > /dev/null\nif [[ $? != 0 ]] ; then\n    cat << EOM\nerror: The sandbox is not in sync with the Podfile.lock. Run 'pod install' or update your CocoaPods installation.\nEOM\n    exit 1\nfi\n";
			showEnvVarsInLog = 0;
		};
		CB764AA391E50EDA770E4960 /* Embed Pods Frameworks */ = {
			isa = PBXShellScriptBuildPhase;
			buildActionMask = 2147483647;
			files = (
			);
			inputPaths = (
			);
			name = "Embed Pods Frameworks";
			outputPaths = (
			);
			runOnlyForDeploymentPostprocessing = 0;
			shellPath = /bin/sh;
			shellScript = "\"${SRCROOT}/Pods/Target Support Files/Pods-ExtractHealthKitTests/Pods-ExtractHealthKitTests-frameworks.sh\"\n";
			showEnvVarsInLog = 0;
		};
		E06F61B11383277E2CAE269E /* Check Pods Manifest.lock */ = {
			isa = PBXShellScriptBuildPhase;
			buildActionMask = 2147483647;
			files = (
			);
			inputPaths = (
			);
			name = "Check Pods Manifest.lock";
			outputPaths = (
			);
			runOnlyForDeploymentPostprocessing = 0;
			shellPath = /bin/sh;
			shellScript = "diff \"${PODS_ROOT}/../Podfile.lock\" \"${PODS_ROOT}/Manifest.lock\" > /dev/null\nif [[ $? != 0 ]] ; then\n    cat << EOM\nerror: The sandbox is not in sync with the Podfile.lock. Run 'pod install' or update your CocoaPods installation.\nEOM\n    exit 1\nfi\n";
			showEnvVarsInLog = 0;
		};
/* End PBXShellScriptBuildPhase section */

/* Begin PBXSourcesBuildPhase section */
		7F12097A1B090A7A0002BE42 /* Sources */ = {
			isa = PBXSourcesBuildPhase;
			buildActionMask = 2147483647;
			files = (
				7F1209861B090A7A0002BE42 /* ViewController.swift in Sources */,
				7FFBDB0E1B09662900EC0873 /* Hex.swift in Sources */,
				7FFBDB0B1B09592000EC0873 /* Steps.swift in Sources */,
				7FFBDB091B09425100EC0873 /* BasicCell.swift in Sources */,
				7FFBDB1B1B09709500EC0873 /* API.swift in Sources */,
				7F1209841B090A7A0002BE42 /* AppDelegate.swift in Sources */,
			);
			runOnlyForDeploymentPostprocessing = 0;
		};
		7F12098F1B090A7A0002BE42 /* Sources */ = {
			isa = PBXSourcesBuildPhase;
			buildActionMask = 2147483647;
			files = (
				7F12099A1B090A7A0002BE42 /* ExtractHealthKitTests.swift in Sources */,
			);
			runOnlyForDeploymentPostprocessing = 0;
		};
/* End PBXSourcesBuildPhase section */

/* Begin PBXTargetDependency section */
		7F1209951B090A7A0002BE42 /* PBXTargetDependency */ = {
			isa = PBXTargetDependency;
			target = 7F12097D1B090A7A0002BE42 /* ExtractHealthKit */;
			targetProxy = 7F1209941B090A7A0002BE42 /* PBXContainerItemProxy */;
		};
/* End PBXTargetDependency section */

/* Begin PBXVariantGroup section */
		7F1209871B090A7A0002BE42 /* Main.storyboard */ = {
			isa = PBXVariantGroup;
			children = (
				7F1209881B090A7A0002BE42 /* Base */,
			);
			name = Main.storyboard;
			sourceTree = "<group>";
		};
		7F12098C1B090A7A0002BE42 /* LaunchScreen.xib */ = {
			isa = PBXVariantGroup;
			children = (
				7F12098D1B090A7A0002BE42 /* Base */,
			);
			name = LaunchScreen.xib;
			sourceTree = "<group>";
		};
/* End PBXVariantGroup section */

/* Begin XCBuildConfiguration section */
		7F12099B1B090A7A0002BE42 /* Debug */ = {
			isa = XCBuildConfiguration;
			buildSettings = {
				ALWAYS_SEARCH_USER_PATHS = NO;
				CLANG_CXX_LANGUAGE_STANDARD = "gnu++0x";
				CLANG_CXX_LIBRARY = "libc++";
				CLANG_ENABLE_MODULES = YES;
				CLANG_ENABLE_OBJC_ARC = YES;
				CLANG_WARN_BOOL_CONVERSION = YES;
				CLANG_WARN_CONSTANT_CONVERSION = YES;
				CLANG_WARN_DIRECT_OBJC_ISA_USAGE = YES_ERROR;
				CLANG_WARN_EMPTY_BODY = YES;
				CLANG_WARN_ENUM_CONVERSION = YES;
				CLANG_WARN_INT_CONVERSION = YES;
				CLANG_WARN_OBJC_ROOT_CLASS = YES_ERROR;
				CLANG_WARN_UNREACHABLE_CODE = YES;
				CLANG_WARN__DUPLICATE_METHOD_MATCH = YES;
				"CODE_SIGN_IDENTITY[sdk=iphoneos*]" = "iPhone Developer";
				COPY_PHASE_STRIP = NO;
				DEBUG_INFORMATION_FORMAT = "dwarf-with-dsym";
				ENABLE_STRICT_OBJC_MSGSEND = YES;
				GCC_C_LANGUAGE_STANDARD = gnu99;
				GCC_DYNAMIC_NO_PIC = NO;
				GCC_NO_COMMON_BLOCKS = YES;
				GCC_OPTIMIZATION_LEVEL = 0;
				GCC_PREPROCESSOR_DEFINITIONS = (
					"DEBUG=1",
					"$(inherited)",
				);
				GCC_SYMBOLS_PRIVATE_EXTERN = NO;
				GCC_WARN_64_TO_32_BIT_CONVERSION = YES;
				GCC_WARN_ABOUT_RETURN_TYPE = YES_ERROR;
				GCC_WARN_UNDECLARED_SELECTOR = YES;
				GCC_WARN_UNINITIALIZED_AUTOS = YES_AGGRESSIVE;
				GCC_WARN_UNUSED_FUNCTION = YES;
				GCC_WARN_UNUSED_VARIABLE = YES;
				IPHONEOS_DEPLOYMENT_TARGET = 8.3;
				MTL_ENABLE_DEBUG_INFO = YES;
				ONLY_ACTIVE_ARCH = YES;
				SDKROOT = iphoneos;
				SWIFT_OPTIMIZATION_LEVEL = "-Onone";
				TARGETED_DEVICE_FAMILY = "1,2";
			};
			name = Debug;
		};
		7F12099C1B090A7A0002BE42 /* Release */ = {
			isa = XCBuildConfiguration;
			buildSettings = {
				ALWAYS_SEARCH_USER_PATHS = NO;
				CLANG_CXX_LANGUAGE_STANDARD = "gnu++0x";
				CLANG_CXX_LIBRARY = "libc++";
				CLANG_ENABLE_MODULES = YES;
				CLANG_ENABLE_OBJC_ARC = YES;
				CLANG_WARN_BOOL_CONVERSION = YES;
				CLANG_WARN_CONSTANT_CONVERSION = YES;
				CLANG_WARN_DIRECT_OBJC_ISA_USAGE = YES_ERROR;
				CLANG_WARN_EMPTY_BODY = YES;
				CLANG_WARN_ENUM_CONVERSION = YES;
				CLANG_WARN_INT_CONVERSION = YES;
				CLANG_WARN_OBJC_ROOT_CLASS = YES_ERROR;
				CLANG_WARN_UNREACHABLE_CODE = YES;
				CLANG_WARN__DUPLICATE_METHOD_MATCH = YES;
				"CODE_SIGN_IDENTITY[sdk=iphoneos*]" = "iPhone Developer";
				COPY_PHASE_STRIP = NO;
				DEBUG_INFORMATION_FORMAT = "dwarf-with-dsym";
				ENABLE_NS_ASSERTIONS = NO;
				ENABLE_STRICT_OBJC_MSGSEND = YES;
				GCC_C_LANGUAGE_STANDARD = gnu99;
				GCC_NO_COMMON_BLOCKS = YES;
				GCC_WARN_64_TO_32_BIT_CONVERSION = YES;
				GCC_WARN_ABOUT_RETURN_TYPE = YES_ERROR;
				GCC_WARN_UNDECLARED_SELECTOR = YES;
				GCC_WARN_UNINITIALIZED_AUTOS = YES_AGGRESSIVE;
				GCC_WARN_UNUSED_FUNCTION = YES;
				GCC_WARN_UNUSED_VARIABLE = YES;
				IPHONEOS_DEPLOYMENT_TARGET = 8.3;
				MTL_ENABLE_DEBUG_INFO = NO;
				SDKROOT = iphoneos;
				TARGETED_DEVICE_FAMILY = "1,2";
				VALIDATE_PRODUCT = YES;
			};
			name = Release;
		};
		7F12099E1B090A7A0002BE42 /* Debug */ = {
			isa = XCBuildConfiguration;
			baseConfigurationReference = CC94C9D53B1ABF47E16EF7EE /* Pods-ExtractHealthKit.debug.xcconfig */;
			buildSettings = {
				ASSETCATALOG_COMPILER_APPICON_NAME = AppIcon;
				CODE_SIGN_ENTITLEMENTS = ExtractHealthKit/ExtractHealthKit.entitlements;
				CODE_SIGN_IDENTITY = "iPhone Developer";
				"CODE_SIGN_IDENTITY[sdk=iphoneos*]" = "iPhone Developer";
				FRAMEWORK_SEARCH_PATHS = (
					"$(inherited)",
					"$(PROJECT_DIR)/build/Debug-iphoneos/Pods-ExtractHealthKit",
				);
				INFOPLIST_FILE = ExtractHealthKit/Info.plist;
				LD_RUNPATH_SEARCH_PATHS = "$(inherited) @executable_path/Frameworks";
				PRODUCT_NAME = "$(TARGET_NAME)";
				PROVISIONING_PROFILE = "";
			};
			name = Debug;
		};
		7F12099F1B090A7A0002BE42 /* Release */ = {
			isa = XCBuildConfiguration;
			baseConfigurationReference = 4CBB2501F1B44D8F3AA8D918 /* Pods-ExtractHealthKit.release.xcconfig */;
			buildSettings = {
				ASSETCATALOG_COMPILER_APPICON_NAME = AppIcon;
				CODE_SIGN_ENTITLEMENTS = ExtractHealthKit/ExtractHealthKit.entitlements;
				CODE_SIGN_IDENTITY = "iPhone Developer";
				"CODE_SIGN_IDENTITY[sdk=iphoneos*]" = "iPhone Developer";
				FRAMEWORK_SEARCH_PATHS = (
					"$(inherited)",
					"$(PROJECT_DIR)/build/Debug-iphoneos/Pods-ExtractHealthKit",
				);
				INFOPLIST_FILE = ExtractHealthKit/Info.plist;
				LD_RUNPATH_SEARCH_PATHS = "$(inherited) @executable_path/Frameworks";
				PRODUCT_NAME = "$(TARGET_NAME)";
				PROVISIONING_PROFILE = "";
			};
			name = Release;
		};
		7F1209A11B090A7A0002BE42 /* Debug */ = {
			isa = XCBuildConfiguration;
			baseConfigurationReference = BD37C61F67CC0FC027F2F591 /* Pods-ExtractHealthKitTests.debug.xcconfig */;
			buildSettings = {
				BUNDLE_LOADER = "$(TEST_HOST)";
				FRAMEWORK_SEARCH_PATHS = (
					"$(SDKROOT)/Developer/Library/Frameworks",
					"$(inherited)",
				);
				GCC_PREPROCESSOR_DEFINITIONS = (
					"DEBUG=1",
					"$(inherited)",
				);
				INFOPLIST_FILE = ExtractHealthKitTests/Info.plist;
				LD_RUNPATH_SEARCH_PATHS = "$(inherited) @executable_path/Frameworks @loader_path/Frameworks";
				PRODUCT_NAME = "$(TARGET_NAME)";
				TEST_HOST = "$(BUILT_PRODUCTS_DIR)/ExtractHealthKit.app/ExtractHealthKit";
			};
			name = Debug;
		};
		7F1209A21B090A7A0002BE42 /* Release */ = {
			isa = XCBuildConfiguration;
			baseConfigurationReference = 6EA13E6F53ED6FA6DE2BBB4F /* Pods-ExtractHealthKitTests.release.xcconfig */;
			buildSettings = {
				BUNDLE_LOADER = "$(TEST_HOST)";
				FRAMEWORK_SEARCH_PATHS = (
					"$(SDKROOT)/Developer/Library/Frameworks",
					"$(inherited)",
				);
				INFOPLIST_FILE = ExtractHealthKitTests/Info.plist;
				LD_RUNPATH_SEARCH_PATHS = "$(inherited) @executable_path/Frameworks @loader_path/Frameworks";
				PRODUCT_NAME = "$(TARGET_NAME)";
				TEST_HOST = "$(BUILT_PRODUCTS_DIR)/ExtractHealthKit.app/ExtractHealthKit";
			};
			name = Release;
		};
/* End XCBuildConfiguration section */

/* Begin XCConfigurationList section */
		7F1209791B090A7A0002BE42 /* Build configuration list for PBXProject "ExtractHealthKit" */ = {
			isa = XCConfigurationList;
			buildConfigurations = (
				7F12099B1B090A7A0002BE42 /* Debug */,
				7F12099C1B090A7A0002BE42 /* Release */,
			);
			defaultConfigurationIsVisible = 0;
			defaultConfigurationName = Release;
		};
		7F12099D1B090A7A0002BE42 /* Build configuration list for PBXNativeTarget "ExtractHealthKit" */ = {
			isa = XCConfigurationList;
			buildConfigurations = (
				7F12099E1B090A7A0002BE42 /* Debug */,
				7F12099F1B090A7A0002BE42 /* Release */,
			);
			defaultConfigurationIsVisible = 0;
			defaultConfigurationName = Release;
		};
		7F1209A01B090A7A0002BE42 /* Build configuration list for PBXNativeTarget "ExtractHealthKitTests" */ = {
			isa = XCConfigurationList;
			buildConfigurations = (
				7F1209A11B090A7A0002BE42 /* Debug */,
				7F1209A21B090A7A0002BE42 /* Release */,
			);
			defaultConfigurationIsVisible = 0;
			defaultConfigurationName = Release;
		};
/* End XCConfigurationList section */
	};
	rootObject = 7F1209761B090A7A0002BE42 /* Project object */;
}
